{
  "lockfileVersion": 2,
  "configVersion": 1,
  "workspaces": {
    "": {
      "name": "agent-discipline-watcher-pi",
      "devDependencies": {
        "@oh-my-pi/pi-ai": "^18.0.11",
        "@oh-my-pi/pi-tui": "^18.0.11",
      },
    },
  },
  "packages": {
    "@oh-my-pi/omptype": ["@oh-my-pi/omptype@18.1.16", "", {}, "sha512-mhBDCh2+2l1qdV6L99vZzTxyP4jxDGV1MsJdmDHXNxVK0fPDGgb+TxryDHVciwBlqR2jeBhRO0MrSR8RBW00ow=="],

    "@oh-my-pi/pi-ai": ["@oh-my-pi/pi-ai@18.1.16", "", { "dependencies": { "@oh-my-pi/omptype": "18.1.16", "@oh-my-pi/pi-catalog": "18.1.16", "@oh-my-pi/pi-natives": "18.1.16", "@oh-my-pi/pi-utils": "18.1.16", "@oh-my-pi/pi-wire": "18.1.16" } }, "sha512-BFZxf3dETo8IdDuOpsB2qe6i+oemShyznskSAU82eX3fFYQZNjSbb4c475Y5EBL8LJc3bIuhr2jVTnhDCbx7kA=="],

    "@oh-my-pi/pi-catalog": ["@oh-my-pi/pi-catalog@18.1.16", "", { "dependencies": { "@oh-my-pi/omptype": "18.1.16", "@oh-my-pi/pi-utils": "18.1.16" } }, "sha512-0AlS0BIqlLvQlFlA/CixNICZbsQ0HhIsdPybfE3E7ZTM+kkeWxgosy87OWePtbGrclMGjKLZao/lHOvlbKNpCA=="],

    "@oh-my-pi/pi-natives": ["@oh-my-pi/pi-natives@18.1.16", "", { "optionalDependencies": { "@oh-my-pi/pi-natives-darwin-arm64": "18.1.16", "@oh-my-pi/pi-natives-darwin-x64": "18.1.16", "@oh-my-pi/pi-natives-linux-arm64": "18.1.16", "@oh-my-pi/pi-natives-linux-x64": "18.1.16", "@oh-my-pi/pi-natives-win32-arm64": "18.1.16", "@oh-my-pi/pi-natives-win32-x64": "18.1.16" } }, "sha512-mq2wSQTLPub/OTqH+JdprYqLhb2dn7IG8WFzrHF97mnh5t2tZiYZ6Pu3TsxktCZ868tDViGiHCDqMwH5CGQRmA=="],

    "@oh-my-pi/pi-natives-darwin-arm64": ["@oh-my-pi/pi-natives-darwin-arm64@18.1.16", "", { "os": "darwin", "cpu": "arm64" }, "sha512-dbiaJcOZzgbSiarEPz5iWAZ6DPXMW42zCo4LX7LLYeIdQhkJQM4aQJrB7XxVYqGU8Y6PFhBNWkT3B6FY4Q4qWg=="],

    "@oh-my-pi/pi-natives-darwin-x64": ["@oh-my-pi/pi-natives-darwin-x64@18.1.16", "", { "os": "darwin", "cpu": "x64" }, "sha512-0Cgjngd6JnkoNhdEM3Y35VR0RgTuiYkzWtsV/cuJuA+CASl9fdCQ4eE5ExvDFF2Cclx7mrmuKZbcaHzJBm1KEg=="],

    "@oh-my-pi/pi-natives-linux-arm64": ["@oh-my-pi/pi-natives-linux-arm64@18.1.16", "", { "os": "linux", "cpu": "arm64" }, "sha512-5it2coZVMMlrBMmNxAWO6cxkR6JpG9aqwob3PsQRiQkLu7XtMzJWYH5UxV/TEUylHryfrZ4fBFqmB0TMF1iHmw=="],

    "@oh-my-pi/pi-natives-linux-x64": ["@oh-my-pi/pi-natives-linux-x64@18.1.16", "", { "os": "linux", "cpu": "x64" }, "sha512-PaMHc/oT9AngEsHwY+I/Q6oq7mHREsFuJZ+lBb59Dzs6PSRN8PwI76uJM3eSM0AagKxLCXk2sDL3S2YnTg5K1Q=="],

    "@oh-my-pi/pi-natives-win32-arm64": ["@oh-my-pi/pi-natives-win32-arm64@18.1.16", "", { "os": "win32", "cpu": "arm64" }, "sha512-R12a8S5Ra5QX2vs3NEmazCCfDbxpr/s92keyXnh93kIiCk1af550PnQr0lzAlJa6qb5OMLCbVE9i3KMaPke2wg=="],

    "@oh-my-pi/pi-natives-win32-x64": ["@oh-my-pi/pi-natives-win32-x64@18.1.16", "", { "os": "win32", "cpu": "x64" }, "sha512-wt6gRcckDTnn4NTvqYjPYYpc0n8nZX+JTWV/m/r//ElSurNSBGPhBeZih2x5hIMFAspu6k/DSEDF0FVZ84atVw=="],

    "@oh-my-pi/pi-tui": ["@oh-my-pi/pi-tui@18.0.11", "", { "dependencies": { "@oh-my-pi/pi-natives": "18.0.11", "@oh-my-pi/pi-utils": "18.0.11" } }, "sha512-lrQn5ly80f+OmlPRvMZYgpmtLoG46mLG/6w9QHccmichI0i/vOvwTdp201xKiFv1a4diFnm4058+ytRWegN4MQ=="],

    "@oh-my-pi/pi-utils": ["@oh-my-pi/pi-utils@18.1.16", "", { "dependencies": { "@oh-my-pi/pi-natives": "18.1.16" } }, "sha512-AuEOa0tzt0WjTrAWVoyHRnVMGs0QEVlvg5GLuz2VpSlAs7BBTVWNN4eP5gvp7G/DmrdIdreO5IlJ3KCgGJRSoA=="],

    "@oh-my-pi/pi-wire": ["@oh-my-pi/pi-wire@18.1.16", "", {}, "sha512-I/V1BfkKFIDoGKYv3wubwkIlCny5bLyvVCWlJwojfTgePFu+xYzG97tpW5+wsX01UoVmsYC6nfOiomSEI7XV0g=="],

    "@oh-my-pi/pi-tui/@oh-my-pi/pi-natives": ["@oh-my-pi/pi-natives@18.0.11", "", { "optionalDependencies": { "@oh-my-pi/pi-natives-darwin-arm64": "18.0.11", "@oh-my-pi/pi-natives-darwin-x64": "18.0.11", "@oh-my-pi/pi-natives-linux-arm64": "18.0.11", "@oh-my-pi/pi-natives-linux-x64": "18.0.11", "@oh-my-pi/pi-natives-win32-x64": "18.0.11" } }, "sha512-KnkRtWsk6feWaXeH4PGAPD9p4KHXGzy7EqVLa44eaePlc72T/5bUl7D03hrsUJfilbFaYpxyuhTflfOgK5ORXQ=="],

    "@oh-my-pi/pi-tui/@oh-my-pi/pi-utils": ["@oh-my-pi/pi-utils@18.0.11", "", { "dependencies": { "@oh-my-pi/pi-natives": "18.0.11" } }, "sha512-1H9GzSnA0X3gIMHiNm5ijxdVRHs7+158ohm8uCUv7GgSgMgcoQkxsHDLSJSCJy3mHqWw8HBbY2oqrtQSMhbiWg=="],

    "@oh-my-pi/pi-tui/@oh-my-pi/pi-natives/@oh-my-pi/pi-natives-darwin-arm64": ["@oh-my-pi/pi-natives-darwin-arm64@18.0.11", "", { "os": "darwin", "cpu": "arm64" }, "sha512-4XWCl30DLxRKRpcfi6OdtWhc5d7lh/f2fPkDO0xdo5n8yTkObJ+ZR9KlhJiyJI9T+e3zeztBtBMbU9ZmIgXOmg=="],

    "@oh-my-pi/pi-tui/@oh-my-pi/pi-natives/@oh-my-pi/pi-natives-darwin-x64": ["@oh-my-pi/pi-natives-darwin-x64@18.0.11", "", { "os": "darwin", "cpu": "x64" }, "sha512-yNSPyV8WAqhffUNkuWdgAN7c/qp+59HlEo0D8pIrou3PqmAU3MlES5pTEXngZtyUBgCah2WQ7hosKu7Z4WN8pQ=="],

    "@oh-my-pi/pi-tui/@oh-my-pi/pi-natives/@oh-my-pi/pi-natives-linux-arm64": ["@oh-my-pi/pi-natives-linux-arm64@18.0.11", "", { "os": "linux", "cpu": "arm64" }, "sha512-vgdMvhx4M6836ppc9DiuxzAqO0HCkdmQcN/GVArirT84z7xYVyzb2N+AabR6kDwrKAVS3RnXVnxO9g4oTd9R7A=="],

    "@oh-my-pi/pi-tui/@oh-my-pi/pi-natives/@oh-my-pi/pi-natives-linux-x64": ["@oh-my-pi/pi-natives-linux-x64@18.0.11", "", { "os": "linux", "cpu": "x64" }, "sha512-M90qBlT5qb3ZuGikt9Mo7ge72XgGxvijDLFP3Jjz+qE0VIjAljDuXi1hkaxN207ngx9Rtb6uEJQkbpmWk/zfrA=="],

    "@oh-my-pi/pi-tui/@oh-my-pi/pi-natives/@oh-my-pi/pi-natives-win32-x64": ["@oh-my-pi/pi-natives-win32-x64@18.0.11", "", { "os": "win32", "cpu": "x64" }, "sha512-tqQtn1zxDQ6V/gfRhx6/AQqGdy8gPtpV8ndjINj3/piUGKqjrsinUU1XwWGgcKnII2a1tKV/wB4TSB4ieWq46w=="],
  }
}
