{
  "lockfileVersion": 2,
  "configVersion": 1,
  "workspaces": {
    "": {
      "name": "agent-discipline-watcher-pi",
      "devDependencies": {
        "@oh-my-pi/pi-tui": "^18.0.11",
      },
    },
  },
  "packages": {
    "@oh-my-pi/pi-natives": ["@oh-my-pi/pi-natives@18.0.11", "", { "optionalDependencies": { "@oh-my-pi/pi-natives-darwin-arm64": "18.0.11", "@oh-my-pi/pi-natives-darwin-x64": "18.0.11", "@oh-my-pi/pi-natives-linux-arm64": "18.0.11", "@oh-my-pi/pi-natives-linux-x64": "18.0.11", "@oh-my-pi/pi-natives-win32-x64": "18.0.11" } }, "sha512-KnkRtWsk6feWaXeH4PGAPD9p4KHXGzy7EqVLa44eaePlc72T/5bUl7D03hrsUJfilbFaYpxyuhTflfOgK5ORXQ=="],

    "@oh-my-pi/pi-natives-darwin-arm64": ["@oh-my-pi/pi-natives-darwin-arm64@18.0.11", "", { "os": "darwin", "cpu": "arm64" }, "sha512-4XWCl30DLxRKRpcfi6OdtWhc5d7lh/f2fPkDO0xdo5n8yTkObJ+ZR9KlhJiyJI9T+e3zeztBtBMbU9ZmIgXOmg=="],

    "@oh-my-pi/pi-natives-darwin-x64": ["@oh-my-pi/pi-natives-darwin-x64@18.0.11", "", { "os": "darwin", "cpu": "x64" }, "sha512-yNSPyV8WAqhffUNkuWdgAN7c/qp+59HlEo0D8pIrou3PqmAU3MlES5pTEXngZtyUBgCah2WQ7hosKu7Z4WN8pQ=="],

    "@oh-my-pi/pi-natives-linux-arm64": ["@oh-my-pi/pi-natives-linux-arm64@18.0.11", "", { "os": "linux", "cpu": "arm64" }, "sha512-vgdMvhx4M6836ppc9DiuxzAqO0HCkdmQcN/GVArirT84z7xYVyzb2N+AabR6kDwrKAVS3RnXVnxO9g4oTd9R7A=="],

    "@oh-my-pi/pi-natives-linux-x64": ["@oh-my-pi/pi-natives-linux-x64@18.0.11", "", { "os": "linux", "cpu": "x64" }, "sha512-M90qBlT5qb3ZuGikt9Mo7ge72XgGxvijDLFP3Jjz+qE0VIjAljDuXi1hkaxN207ngx9Rtb6uEJQkbpmWk/zfrA=="],

    "@oh-my-pi/pi-natives-win32-x64": ["@oh-my-pi/pi-natives-win32-x64@18.0.11", "", { "os": "win32", "cpu": "x64" }, "sha512-tqQtn1zxDQ6V/gfRhx6/AQqGdy8gPtpV8ndjINj3/piUGKqjrsinUU1XwWGgcKnII2a1tKV/wB4TSB4ieWq46w=="],

    "@oh-my-pi/pi-tui": ["@oh-my-pi/pi-tui@18.0.11", "", { "dependencies": { "@oh-my-pi/pi-natives": "18.0.11", "@oh-my-pi/pi-utils": "18.0.11" } }, "sha512-lrQn5ly80f+OmlPRvMZYgpmtLoG46mLG/6w9QHccmichI0i/vOvwTdp201xKiFv1a4diFnm4058+ytRWegN4MQ=="],

    "@oh-my-pi/pi-utils": ["@oh-my-pi/pi-utils@18.0.11", "", { "dependencies": { "@oh-my-pi/pi-natives": "18.0.11" } }, "sha512-1H9GzSnA0X3gIMHiNm5ijxdVRHs7+158ohm8uCUv7GgSgMgcoQkxsHDLSJSCJy3mHqWw8HBbY2oqrtQSMhbiWg=="],
  }
}
